
Microsoft Visual Studio Solution File, Format Version 12.00
# Visual Studio Version 16
VisualStudioVersion = 16.0.29728.190
MinimumVisualStudioVersion = 15.0.26124.0
Project("{2150E333-8FDC-42A3-9474-1A3956D46DE8}") = "src", "src", "{03ACBAA0-B97D-4330-A0E3-50048516C99C}"
EndProject
Project("{2150E333-8FDC-42A3-9474-1A3956D46DE8}") = "test", "test", "{8DAEA933-E228-49F6-B414-F09C33E784D9}"
EndProject
Project("{2150E333-8FDC-42A3-9474-1A3956D46DE8}") = "crossapp", "crossapp", "{2E2D545D-9159-45F5-A03F-6268EBBB3E14}"
EndProject
Project("{9A19103F-16F7-4668-BE54-9A1E7A4F7556}") = "crossapp.common", "src\crossapp.packages\crossapp.common\crossapp.common.csproj", "{FF7F9A94-DEBB-4217-B4D7-3256FBDAF959}"
EndProject
Project("{2150E333-8FDC-42A3-9474-1A3956D46DE8}") = "tools.packages", "tools.packages", "{F8888511-E5BC-44B8-88FF-99EB174CCD7E}"
EndProject
Project("{9A19103F-16F7-4668-BE54-9A1E7A4F7556}") = "LogHelper", "src\tools.packages\LogHelper\LogHelper.csproj", "{CB2EB164-07DB-47A5-AB32-B9F44E72CB4C}"
EndProject
Project("{9A19103F-16F7-4668-BE54-9A1E7A4F7556}") = "crossapp.log", "src\crossapp.packages\crossapp.file\crossapp.log.csproj", "{B87FD15E-7EF4-4302-A274-3C682243EA1B}"
EndProject
Project("{2150E333-8FDC-42A3-9474-1A3956D46DE8}") = "util.packages", "util.packages", "{D572B2FE-7A78-40A2-9D8E-CC3DA51234BD}"
EndProject
Project("{9A19103F-16F7-4668-BE54-9A1E7A4F7556}") = "util.common", "src\util.packages\util.common\util.common.csproj", "{F4438275-410A-4C53-AB70-B1A0D7D1B665}"
EndProject
Project("{9A19103F-16F7-4668-BE54-9A1E7A4F7556}") = "util.common.test", "src\util.packages\util.common.test\util.common.test.csproj", "{356B5545-9488-4985-AB35-06DFDFC5A0E1}"
EndProject
Project("{9A19103F-16F7-4668-BE54-9A1E7A4F7556}") = "util.test", "src\util.packages\util.test\util.test.csproj", "{9BC16614-CC18-41F3-9901-DA5FEA900DC6}"
EndProject
Project("{9A19103F-16F7-4668-BE54-9A1E7A4F7556}") = "util.test.test", "src\util.packages\util.test.test\util.test.test.csproj", "{721A43BE-33AE-4889-B9FC-0DEF84692E27}"
EndProject
Project("{2150E333-8FDC-42A3-9474-1A3956D46DE8}") = "entities", "entities", "{8D3FF89E-B913-4ADD-8ED4-442B2D624DAC}"
EndProject
Project("{9A19103F-16F7-4668-BE54-9A1E7A4F7556}") = "model.entities", "src\entities\model.entities\model.entities.csproj", "{D2C36344-B419-4F07-8ED3-62FEEB470C7A}"
EndProject
Project("{2150E333-8FDC-42A3-9474-1A3956D46DE8}") = "database", "database", "{BFA9CC3A-4799-41C9-9517-7162FD773B87}"
EndProject
Project("{9A19103F-16F7-4668-BE54-9A1E7A4F7556}") = "model.entities.test", "src\entities\model.entities.test\model.entities.test.csproj", "{4146FFD4-07A2-450B-9674-668E5EE96053}"
EndProject
Project("{9A19103F-16F7-4668-BE54-9A1E7A4F7556}") = "canalonline.data", "src\database\canalonline.data\canalonline.data.csproj", "{D886DDFD-8A64-481B-B6F2-5CFA6138ABAB}"
EndProject
Project("{2150E333-8FDC-42A3-9474-1A3956D46DE8}") = "webApis", "webApis", "{D85E30AE-B041-4A83-BFC9-BE46F0E441B4}"
EndProject
Project("{2150E333-8FDC-42A3-9474-1A3956D46DE8}") = "host", "host", "{7287E212-E508-40B2-A349-52C7425175FA}"
EndProject
Project("{9A19103F-16F7-4668-BE54-9A1E7A4F7556}") = "Offers.webApi", "src\webApi\host\Offers.webApi\Offers.webApi.csproj", "{7B5024C8-564E-449A-90F4-416FCB925D14}"
EndProject
Project("{2150E333-8FDC-42A3-9474-1A3956D46DE8}") = "controllers", "controllers", "{FD361C52-9149-49F9-9AA2-22834396C070}"
EndProject
Project("{9A19103F-16F7-4668-BE54-9A1E7A4F7556}") = "Offers.controllers", "src\webApi\controllers\Offers.controllers\Offers.controllers.csproj", "{E1753A10-00C5-4B23-B107-7A2D0F5FFBBD}"
EndProject
Project("{9A19103F-16F7-4668-BE54-9A1E7A4F7556}") = "domain", "src\webApi\domain\domain\domain.csproj", "{5AC997F3-7EAB-4AF1-AF50-96B72445A024}"
EndProject
Project("{9A19103F-16F7-4668-BE54-9A1E7A4F7556}") = "canalonline.data.test", "src\database\canalonline.data.test\canalonline.data.test.csproj", "{9557EC78-896B-40E9-B2BB-F98970878B47}"
EndProject
Project("{9A19103F-16F7-4668-BE54-9A1E7A4F7556}") = "Authorize.controllers", "src\webApi\controllers\Authorize.controllers\Authorize.controllers.csproj", "{B93E6997-A4B5-4B1D-8B2B-B24B4BBA9596}"
EndProject
Project("{9A19103F-16F7-4668-BE54-9A1E7A4F7556}") = "Admin.controllers", "src\webApi\controllers\Admin.controllers\Admin.controllers.csproj", "{65E729DD-3EFC-42B2-BC31-B628C358E607}"
EndProject
Project("{9A19103F-16F7-4668-BE54-9A1E7A4F7556}") = "Admin.webApi", "src\webApi\host\Admin.webApi\Admin.webApi.csproj", "{A1B80C85-5C8E-416B-9355-C8783BECEA74}"
EndProject
Project("{9A19103F-16F7-4668-BE54-9A1E7A4F7556}") = "Athorize.webApi", "src\webApi\host\Athorize.webApi\Athorize.webApi.csproj", "{2FC4A307-3EB4-4F57-8780-255669627B1F}"
EndProject
Project("{2150E333-8FDC-42A3-9474-1A3956D46DE8}") = "packages", "packages", "{449249E7-C3D8-4CCD-8A03-9CD465D72974}"
EndProject
Project("{9A19103F-16F7-4668-BE54-9A1E7A4F7556}") = "domain.test", "test\domain.test\domain.test.csproj", "{175D923C-21DC-4CA9-B527-F60D9B8CBA51}"
EndProject
Project("{2150E333-8FDC-42A3-9474-1A3956D46DE8}") = "tools.bussines", "tools.bussines", "{1E6FE510-105C-4803-8B6A-4D6267DF5B33}"
EndProject
Project("{9A19103F-16F7-4668-BE54-9A1E7A4F7556}") = "movistar.userPreferences", "src\tools.bussines\movistar.userPreferences\movistar.userPreferences.csproj", "{54F7D61D-9334-4781-9410-D20A71F9300F}"
EndProject
Project("{9A19103F-16F7-4668-BE54-9A1E7A4F7556}") = "movistar.model.bussines", "src\entities\model.bussines\movistar.model.bussines.csproj", "{03B7F0C5-45CF-4E2C-8DB8-C00B2CA353C2}"
EndProject
Project("{9A19103F-16F7-4668-BE54-9A1E7A4F7556}") = "controllers.common", "src\webApi\controllers\controllers.common\controllers.common.csproj", "{70CD74DE-D66C-4140-BAD2-CAE4E0AA0012}"
EndProject
Project("{2150E333-8FDC-42A3-9474-1A3956D46DE8}") = "_base", "_base", "{F3A49FD2-65FF-44A8-BE43-437B29E72308}"
EndProject
Global
	GlobalSection(SolutionConfigurationPlatforms) = preSolution
		Debug|Any CPU = Debug|Any CPU
		Debug|x64 = Debug|x64
		Debug|x86 = Debug|x86
		Release|Any CPU = Release|Any CPU
		Release|x64 = Release|x64
		Release|x86 = Release|x86
	EndGlobalSection
	GlobalSection(ProjectConfigurationPlatforms) = postSolution
		{FF7F9A94-DEBB-4217-B4D7-3256FBDAF959}.Debug|Any CPU.ActiveCfg = Debug|Any CPU
		{FF7F9A94-DEBB-4217-B4D7-3256FBDAF959}.Debug|Any CPU.Build.0 = Debug|Any CPU
		{FF7F9A94-DEBB-4217-B4D7-3256FBDAF959}.Debug|x64.ActiveCfg = Debug|Any CPU
		{FF7F9A94-DEBB-4217-B4D7-3256FBDAF959}.Debug|x64.Build.0 = Debug|Any CPU
		{FF7F9A94-DEBB-4217-B4D7-3256FBDAF959}.Debug|x86.ActiveCfg = Debug|Any CPU
		{FF7F9A94-DEBB-4217-B4D7-3256FBDAF959}.Debug|x86.Build.0 = Debug|Any CPU
		{FF7F9A94-DEBB-4217-B4D7-3256FBDAF959}.Release|Any CPU.ActiveCfg = Release|Any CPU
		{FF7F9A94-DEBB-4217-B4D7-3256FBDAF959}.Release|Any CPU.Build.0 = Release|Any CPU
		{FF7F9A94-DEBB-4217-B4D7-3256FBDAF959}.Release|x64.ActiveCfg = Release|Any CPU
		{FF7F9A94-DEBB-4217-B4D7-3256FBDAF959}.Release|x64.Build.0 = Release|Any CPU
		{FF7F9A94-DEBB-4217-B4D7-3256FBDAF959}.Release|x86.ActiveCfg = Release|Any CPU
		{FF7F9A94-DEBB-4217-B4D7-3256FBDAF959}.Release|x86.Build.0 = Release|Any CPU
		{CB2EB164-07DB-47A5-AB32-B9F44E72CB4C}.Debug|Any CPU.ActiveCfg = Debug|Any CPU
		{CB2EB164-07DB-47A5-AB32-B9F44E72CB4C}.Debug|Any CPU.Build.0 = Debug|Any CPU
		{CB2EB164-07DB-47A5-AB32-B9F44E72CB4C}.Debug|x64.ActiveCfg = Debug|Any CPU
		{CB2EB164-07DB-47A5-AB32-B9F44E72CB4C}.Debug|x64.Build.0 = Debug|Any CPU
		{CB2EB164-07DB-47A5-AB32-B9F44E72CB4C}.Debug|x86.ActiveCfg = Debug|Any CPU
		{CB2EB164-07DB-47A5-AB32-B9F44E72CB4C}.Debug|x86.Build.0 = Debug|Any CPU
		{CB2EB164-07DB-47A5-AB32-B9F44E72CB4C}.Release|Any CPU.ActiveCfg = Release|Any CPU
		{CB2EB164-07DB-47A5-AB32-B9F44E72CB4C}.Release|Any CPU.Build.0 = Release|Any CPU
		{CB2EB164-07DB-47A5-AB32-B9F44E72CB4C}.Release|x64.ActiveCfg = Release|Any CPU
		{CB2EB164-07DB-47A5-AB32-B9F44E72CB4C}.Release|x64.Build.0 = Release|Any CPU
		{CB2EB164-07DB-47A5-AB32-B9F44E72CB4C}.Release|x86.ActiveCfg = Release|Any CPU
		{CB2EB164-07DB-47A5-AB32-B9F44E72CB4C}.Release|x86.Build.0 = Release|Any CPU
		{B87FD15E-7EF4-4302-A274-3C682243EA1B}.Debug|Any CPU.ActiveCfg = Debug|Any CPU
		{B87FD15E-7EF4-4302-A274-3C682243EA1B}.Debug|Any CPU.Build.0 = Debug|Any CPU
		{B87FD15E-7EF4-4302-A274-3C682243EA1B}.Debug|x64.ActiveCfg = Debug|Any CPU
		{B87FD15E-7EF4-4302-A274-3C682243EA1B}.Debug|x64.Build.0 = Debug|Any CPU
		{B87FD15E-7EF4-4302-A274-3C682243EA1B}.Debug|x86.ActiveCfg = Debug|Any CPU
		{B87FD15E-7EF4-4302-A274-3C682243EA1B}.Debug|x86.Build.0 = Debug|Any CPU
		{B87FD15E-7EF4-4302-A274-3C682243EA1B}.Release|Any CPU.ActiveCfg = Release|Any CPU
		{B87FD15E-7EF4-4302-A274-3C682243EA1B}.Release|Any CPU.Build.0 = Release|Any CPU
		{B87FD15E-7EF4-4302-A274-3C682243EA1B}.Release|x64.ActiveCfg = Release|Any CPU
		{B87FD15E-7EF4-4302-A274-3C682243EA1B}.Release|x64.Build.0 = Release|Any CPU
		{B87FD15E-7EF4-4302-A274-3C682243EA1B}.Release|x86.ActiveCfg = Release|Any CPU
		{B87FD15E-7EF4-4302-A274-3C682243EA1B}.Release|x86.Build.0 = Release|Any CPU
		{F4438275-410A-4C53-AB70-B1A0D7D1B665}.Debug|Any CPU.ActiveCfg = Debug|Any CPU
		{F4438275-410A-4C53-AB70-B1A0D7D1B665}.Debug|Any CPU.Build.0 = Debug|Any CPU
		{F4438275-410A-4C53-AB70-B1A0D7D1B665}.Debug|x64.ActiveCfg = Debug|Any CPU
		{F4438275-410A-4C53-AB70-B1A0D7D1B665}.Debug|x64.Build.0 = Debug|Any CPU
		{F4438275-410A-4C53-AB70-B1A0D7D1B665}.Debug|x86.ActiveCfg = Debug|Any CPU
		{F4438275-410A-4C53-AB70-B1A0D7D1B665}.Debug|x86.Build.0 = Debug|Any CPU
		{F4438275-410A-4C53-AB70-B1A0D7D1B665}.Release|Any CPU.ActiveCfg = Release|Any CPU
		{F4438275-410A-4C53-AB70-B1A0D7D1B665}.Release|Any CPU.Build.0 = Release|Any CPU
		{F4438275-410A-4C53-AB70-B1A0D7D1B665}.Release|x64.ActiveCfg = Release|Any CPU
		{F4438275-410A-4C53-AB70-B1A0D7D1B665}.Release|x64.Build.0 = Release|Any CPU
		{F4438275-410A-4C53-AB70-B1A0D7D1B665}.Release|x86.ActiveCfg = Release|Any CPU
		{F4438275-410A-4C53-AB70-B1A0D7D1B665}.Release|x86.Build.0 = Release|Any CPU
		{356B5545-9488-4985-AB35-06DFDFC5A0E1}.Debug|Any CPU.ActiveCfg = Debug|Any CPU
		{356B5545-9488-4985-AB35-06DFDFC5A0E1}.Debug|Any CPU.Build.0 = Debug|Any CPU
		{356B5545-9488-4985-AB35-06DFDFC5A0E1}.Debug|x64.ActiveCfg = Debug|Any CPU
		{356B5545-9488-4985-AB35-06DFDFC5A0E1}.Debug|x64.Build.0 = Debug|Any CPU
		{356B5545-9488-4985-AB35-06DFDFC5A0E1}.Debug|x86.ActiveCfg = Debug|Any CPU
		{356B5545-9488-4985-AB35-06DFDFC5A0E1}.Debug|x86.Build.0 = Debug|Any CPU
		{356B5545-9488-4985-AB35-06DFDFC5A0E1}.Release|Any CPU.ActiveCfg = Release|Any CPU
		{356B5545-9488-4985-AB35-06DFDFC5A0E1}.Release|Any CPU.Build.0 = Release|Any CPU
		{356B5545-9488-4985-AB35-06DFDFC5A0E1}.Release|x64.ActiveCfg = Release|Any CPU
		{356B5545-9488-4985-AB35-06DFDFC5A0E1}.Release|x64.Build.0 = Release|Any CPU
		{356B5545-9488-4985-AB35-06DFDFC5A0E1}.Release|x86.ActiveCfg = Release|Any CPU
		{356B5545-9488-4985-AB35-06DFDFC5A0E1}.Release|x86.Build.0 = Release|Any CPU
		{9BC16614-CC18-41F3-9901-DA5FEA900DC6}.Debug|Any CPU.ActiveCfg = Debug|Any CPU
		{9BC16614-CC18-41F3-9901-DA5FEA900DC6}.Debug|Any CPU.Build.0 = Debug|Any CPU
		{9BC16614-CC18-41F3-9901-DA5FEA900DC6}.Debug|x64.ActiveCfg = Debug|Any CPU
		{9BC16614-CC18-41F3-9901-DA5FEA900DC6}.Debug|x64.Build.0 = Debug|Any CPU
		{9BC16614-CC18-41F3-9901-DA5FEA900DC6}.Debug|x86.ActiveCfg = Debug|Any CPU
		{9BC16614-CC18-41F3-9901-DA5FEA900DC6}.Debug|x86.Build.0 = Debug|Any CPU
		{9BC16614-CC18-41F3-9901-DA5FEA900DC6}.Release|Any CPU.ActiveCfg = Release|Any CPU
		{9BC16614-CC18-41F3-9901-DA5FEA900DC6}.Release|Any CPU.Build.0 = Release|Any CPU
		{9BC16614-CC18-41F3-9901-DA5FEA900DC6}.Release|x64.ActiveCfg = Release|Any CPU
		{9BC16614-CC18-41F3-9901-DA5FEA900DC6}.Release|x64.Build.0 = Release|Any CPU
		{9BC16614-CC18-41F3-9901-DA5FEA900DC6}.Release|x86.ActiveCfg = Release|Any CPU
		{9BC16614-CC18-41F3-9901-DA5FEA900DC6}.Release|x86.Build.0 = Release|Any CPU
		{721A43BE-33AE-4889-B9FC-0DEF84692E27}.Debug|Any CPU.ActiveCfg = Debug|Any CPU
		{721A43BE-33AE-4889-B9FC-0DEF84692E27}.Debug|Any CPU.Build.0 = Debug|Any CPU
		{721A43BE-33AE-4889-B9FC-0DEF84692E27}.Debug|x64.ActiveCfg = Debug|Any CPU
		{721A43BE-33AE-4889-B9FC-0DEF84692E27}.Debug|x64.Build.0 = Debug|Any CPU
		{721A43BE-33AE-4889-B9FC-0DEF84692E27}.Debug|x86.ActiveCfg = Debug|Any CPU
		{721A43BE-33AE-4889-B9FC-0DEF84692E27}.Debug|x86.Build.0 = Debug|Any CPU
		{721A43BE-33AE-4889-B9FC-0DEF84692E27}.Release|Any CPU.ActiveCfg = Release|Any CPU
		{721A43BE-33AE-4889-B9FC-0DEF84692E27}.Release|Any CPU.Build.0 = Release|Any CPU
		{721A43BE-33AE-4889-B9FC-0DEF84692E27}.Release|x64.ActiveCfg = Release|Any CPU
		{721A43BE-33AE-4889-B9FC-0DEF84692E27}.Release|x64.Build.0 = Release|Any CPU
		{721A43BE-33AE-4889-B9FC-0DEF84692E27}.Release|x86.ActiveCfg = Release|Any CPU
		{721A43BE-33AE-4889-B9FC-0DEF84692E27}.Release|x86.Build.0 = Release|Any CPU
		{D2C36344-B419-4F07-8ED3-62FEEB470C7A}.Debug|Any CPU.ActiveCfg = Debug|Any CPU
		{D2C36344-B419-4F07-8ED3-62FEEB470C7A}.Debug|Any CPU.Build.0 = Debug|Any CPU
		{D2C36344-B419-4F07-8ED3-62FEEB470C7A}.Debug|x64.ActiveCfg = Debug|Any CPU
		{D2C36344-B419-4F07-8ED3-62FEEB470C7A}.Debug|x64.Build.0 = Debug|Any CPU
		{D2C36344-B419-4F07-8ED3-62FEEB470C7A}.Debug|x86.ActiveCfg = Debug|Any CPU
		{D2C36344-B419-4F07-8ED3-62FEEB470C7A}.Debug|x86.Build.0 = Debug|Any CPU
		{D2C36344-B419-4F07-8ED3-62FEEB470C7A}.Release|Any CPU.ActiveCfg = Release|Any CPU
		{D2C36344-B419-4F07-8ED3-62FEEB470C7A}.Release|Any CPU.Build.0 = Release|Any CPU
		{D2C36344-B419-4F07-8ED3-62FEEB470C7A}.Release|x64.ActiveCfg = Release|Any CPU
		{D2C36344-B419-4F07-8ED3-62FEEB470C7A}.Release|x64.Build.0 = Release|Any CPU
		{D2C36344-B419-4F07-8ED3-62FEEB470C7A}.Release|x86.ActiveCfg = Release|Any CPU
		{D2C36344-B419-4F07-8ED3-62FEEB470C7A}.Release|x86.Build.0 = Release|Any CPU
		{4146FFD4-07A2-450B-9674-668E5EE96053}.Debug|Any CPU.ActiveCfg = Debug|Any CPU
		{4146FFD4-07A2-450B-9674-668E5EE96053}.Debug|Any CPU.Build.0 = Debug|Any CPU
		{4146FFD4-07A2-450B-9674-668E5EE96053}.Debug|x64.ActiveCfg = Debug|Any CPU
		{4146FFD4-07A2-450B-9674-668E5EE96053}.Debug|x64.Build.0 = Debug|Any CPU
		{4146FFD4-07A2-450B-9674-668E5EE96053}.Debug|x86.ActiveCfg = Debug|Any CPU
		{4146FFD4-07A2-450B-9674-668E5EE96053}.Debug|x86.Build.0 = Debug|Any CPU
		{4146FFD4-07A2-450B-9674-668E5EE96053}.Release|Any CPU.ActiveCfg = Release|Any CPU
		{4146FFD4-07A2-450B-9674-668E5EE96053}.Release|Any CPU.Build.0 = Release|Any CPU
		{4146FFD4-07A2-450B-9674-668E5EE96053}.Release|x64.ActiveCfg = Release|Any CPU
		{4146FFD4-07A2-450B-9674-668E5EE96053}.Release|x64.Build.0 = Release|Any CPU
		{4146FFD4-07A2-450B-9674-668E5EE96053}.Release|x86.ActiveCfg = Release|Any CPU
		{4146FFD4-07A2-450B-9674-668E5EE96053}.Release|x86.Build.0 = Release|Any CPU
		{D886DDFD-8A64-481B-B6F2-5CFA6138ABAB}.Debug|Any CPU.ActiveCfg = Debug|Any CPU
		{D886DDFD-8A64-481B-B6F2-5CFA6138ABAB}.Debug|Any CPU.Build.0 = Debug|Any CPU
		{D886DDFD-8A64-481B-B6F2-5CFA6138ABAB}.Debug|x64.ActiveCfg = Debug|Any CPU
		{D886DDFD-8A64-481B-B6F2-5CFA6138ABAB}.Debug|x64.Build.0 = Debug|Any CPU
		{D886DDFD-8A64-481B-B6F2-5CFA6138ABAB}.Debug|x86.ActiveCfg = Debug|Any CPU
		{D886DDFD-8A64-481B-B6F2-5CFA6138ABAB}.Debug|x86.Build.0 = Debug|Any CPU
		{D886DDFD-8A64-481B-B6F2-5CFA6138ABAB}.Release|Any CPU.ActiveCfg = Release|Any CPU
		{D886DDFD-8A64-481B-B6F2-5CFA6138ABAB}.Release|Any CPU.Build.0 = Release|Any CPU
		{D886DDFD-8A64-481B-B6F2-5CFA6138ABAB}.Release|x64.ActiveCfg = Release|Any CPU
		{D886DDFD-8A64-481B-B6F2-5CFA6138ABAB}.Release|x64.Build.0 = Release|Any CPU
		{D886DDFD-8A64-481B-B6F2-5CFA6138ABAB}.Release|x86.ActiveCfg = Release|Any CPU
		{D886DDFD-8A64-481B-B6F2-5CFA6138ABAB}.Release|x86.Build.0 = Release|Any CPU
		{7B5024C8-564E-449A-90F4-416FCB925D14}.Debug|Any CPU.ActiveCfg = Debug|Any CPU
		{7B5024C8-564E-449A-90F4-416FCB925D14}.Debug|Any CPU.Build.0 = Debug|Any CPU
		{7B5024C8-564E-449A-90F4-416FCB925D14}.Debug|x64.ActiveCfg = Debug|Any CPU
		{7B5024C8-564E-449A-90F4-416FCB925D14}.Debug|x64.Build.0 = Debug|Any CPU
		{7B5024C8-564E-449A-90F4-416FCB925D14}.Debug|x86.ActiveCfg = Debug|Any CPU
		{7B5024C8-564E-449A-90F4-416FCB925D14}.Debug|x86.Build.0 = Debug|Any CPU
		{7B5024C8-564E-449A-90F4-416FCB925D14}.Release|Any CPU.ActiveCfg = Release|Any CPU
		{7B5024C8-564E-449A-90F4-416FCB925D14}.Release|Any CPU.Build.0 = Release|Any CPU
		{7B5024C8-564E-449A-90F4-416FCB925D14}.Release|x64.ActiveCfg = Release|Any CPU
		{7B5024C8-564E-449A-90F4-416FCB925D14}.Release|x64.Build.0 = Release|Any CPU
		{7B5024C8-564E-449A-90F4-416FCB925D14}.Release|x86.ActiveCfg = Release|Any CPU
		{7B5024C8-564E-449A-90F4-416FCB925D14}.Release|x86.Build.0 = Release|Any CPU
		{E1753A10-00C5-4B23-B107-7A2D0F5FFBBD}.Debug|Any CPU.ActiveCfg = Debug|Any CPU
		{E1753A10-00C5-4B23-B107-7A2D0F5FFBBD}.Debug|Any CPU.Build.0 = Debug|Any CPU
		{E1753A10-00C5-4B23-B107-7A2D0F5FFBBD}.Debug|x64.ActiveCfg = Debug|Any CPU
		{E1753A10-00C5-4B23-B107-7A2D0F5FFBBD}.Debug|x64.Build.0 = Debug|Any CPU
		{E1753A10-00C5-4B23-B107-7A2D0F5FFBBD}.Debug|x86.ActiveCfg = Debug|Any CPU
		{E1753A10-00C5-4B23-B107-7A2D0F5FFBBD}.Debug|x86.Build.0 = Debug|Any CPU
		{E1753A10-00C5-4B23-B107-7A2D0F5FFBBD}.Release|Any CPU.ActiveCfg = Release|Any CPU
		{E1753A10-00C5-4B23-B107-7A2D0F5FFBBD}.Release|Any CPU.Build.0 = Release|Any CPU
		{E1753A10-00C5-4B23-B107-7A2D0F5FFBBD}.Release|x64.ActiveCfg = Release|Any CPU
		{E1753A10-00C5-4B23-B107-7A2D0F5FFBBD}.Release|x64.Build.0 = Release|Any CPU
		{E1753A10-00C5-4B23-B107-7A2D0F5FFBBD}.Release|x86.ActiveCfg = Release|Any CPU
		{E1753A10-00C5-4B23-B107-7A2D0F5FFBBD}.Release|x86.Build.0 = Release|Any CPU
		{5AC997F3-7EAB-4AF1-AF50-96B72445A024}.Debug|Any CPU.ActiveCfg = Debug|Any CPU
		{5AC997F3-7EAB-4AF1-AF50-96B72445A024}.Debug|Any CPU.Build.0 = Debug|Any CPU
		{5AC997F3-7EAB-4AF1-AF50-96B72445A024}.Debug|x64.ActiveCfg = Debug|Any CPU
		{5AC997F3-7EAB-4AF1-AF50-96B72445A024}.Debug|x64.Build.0 = Debug|Any CPU
		{5AC997F3-7EAB-4AF1-AF50-96B72445A024}.Debug|x86.ActiveCfg = Debug|Any CPU
		{5AC997F3-7EAB-4AF1-AF50-96B72445A024}.Debug|x86.Build.0 = Debug|Any CPU
		{5AC997F3-7EAB-4AF1-AF50-96B72445A024}.Release|Any CPU.ActiveCfg = Release|Any CPU
		{5AC997F3-7EAB-4AF1-AF50-96B72445A024}.Release|Any CPU.Build.0 = Release|Any CPU
		{5AC997F3-7EAB-4AF1-AF50-96B72445A024}.Release|x64.ActiveCfg = Release|Any CPU
		{5AC997F3-7EAB-4AF1-AF50-96B72445A024}.Release|x64.Build.0 = Release|Any CPU
		{5AC997F3-7EAB-4AF1-AF50-96B72445A024}.Release|x86.ActiveCfg = Release|Any CPU
		{5AC997F3-7EAB-4AF1-AF50-96B72445A024}.Release|x86.Build.0 = Release|Any CPU
		{9557EC78-896B-40E9-B2BB-F98970878B47}.Debug|Any CPU.ActiveCfg = Debug|Any CPU
		{9557EC78-896B-40E9-B2BB-F98970878B47}.Debug|Any CPU.Build.0 = Debug|Any CPU
		{9557EC78-896B-40E9-B2BB-F98970878B47}.Debug|x64.ActiveCfg = Debug|Any CPU
		{9557EC78-896B-40E9-B2BB-F98970878B47}.Debug|x64.Build.0 = Debug|Any CPU
		{9557EC78-896B-40E9-B2BB-F98970878B47}.Debug|x86.ActiveCfg = Debug|Any CPU
		{9557EC78-896B-40E9-B2BB-F98970878B47}.Debug|x86.Build.0 = Debug|Any CPU
		{9557EC78-896B-40E9-B2BB-F98970878B47}.Release|Any CPU.ActiveCfg = Release|Any CPU
		{9557EC78-896B-40E9-B2BB-F98970878B47}.Release|Any CPU.Build.0 = Release|Any CPU
		{9557EC78-896B-40E9-B2BB-F98970878B47}.Release|x64.ActiveCfg = Release|Any CPU
		{9557EC78-896B-40E9-B2BB-F98970878B47}.Release|x64.Build.0 = Release|Any CPU
		{9557EC78-896B-40E9-B2BB-F98970878B47}.Release|x86.ActiveCfg = Release|Any CPU
		{9557EC78-896B-40E9-B2BB-F98970878B47}.Release|x86.Build.0 = Release|Any CPU
		{B93E6997-A4B5-4B1D-8B2B-B24B4BBA9596}.Debug|Any CPU.ActiveCfg = Debug|Any CPU
		{B93E6997-A4B5-4B1D-8B2B-B24B4BBA9596}.Debug|Any CPU.Build.0 = Debug|Any CPU
		{B93E6997-A4B5-4B1D-8B2B-B24B4BBA9596}.Debug|x64.ActiveCfg = Debug|Any CPU
		{B93E6997-A4B5-4B1D-8B2B-B24B4BBA9596}.Debug|x64.Build.0 = Debug|Any CPU
		{B93E6997-A4B5-4B1D-8B2B-B24B4BBA9596}.Debug|x86.ActiveCfg = Debug|Any CPU
		{B93E6997-A4B5-4B1D-8B2B-B24B4BBA9596}.Debug|x86.Build.0 = Debug|Any CPU
		{B93E6997-A4B5-4B1D-8B2B-B24B4BBA9596}.Release|Any CPU.ActiveCfg = Release|Any CPU
		{B93E6997-A4B5-4B1D-8B2B-B24B4BBA9596}.Release|Any CPU.Build.0 = Release|Any CPU
		{B93E6997-A4B5-4B1D-8B2B-B24B4BBA9596}.Release|x64.ActiveCfg = Release|Any CPU
		{B93E6997-A4B5-4B1D-8B2B-B24B4BBA9596}.Release|x64.Build.0 = Release|Any CPU
		{B93E6997-A4B5-4B1D-8B2B-B24B4BBA9596}.Release|x86.ActiveCfg = Release|Any CPU
		{B93E6997-A4B5-4B1D-8B2B-B24B4BBA9596}.Release|x86.Build.0 = Release|Any CPU
		{65E729DD-3EFC-42B2-BC31-B628C358E607}.Debug|Any CPU.ActiveCfg = Debug|Any CPU
		{65E729DD-3EFC-42B2-BC31-B628C358E607}.Debug|Any CPU.Build.0 = Debug|Any CPU
		{65E729DD-3EFC-42B2-BC31-B628C358E607}.Debug|x64.ActiveCfg = Debug|Any CPU
		{65E729DD-3EFC-42B2-BC31-B628C358E607}.Debug|x64.Build.0 = Debug|Any CPU
		{65E729DD-3EFC-42B2-BC31-B628C358E607}.Debug|x86.ActiveCfg = Debug|Any CPU
		{65E729DD-3EFC-42B2-BC31-B628C358E607}.Debug|x86.Build.0 = Debug|Any CPU
		{65E729DD-3EFC-42B2-BC31-B628C358E607}.Release|Any CPU.ActiveCfg = Release|Any CPU
		{65E729DD-3EFC-42B2-BC31-B628C358E607}.Release|Any CPU.Build.0 = Release|Any CPU
		{65E729DD-3EFC-42B2-BC31-B628C358E607}.Release|x64.ActiveCfg = Release|Any CPU
		{65E729DD-3EFC-42B2-BC31-B628C358E607}.Release|x64.Build.0 = Release|Any CPU
		{65E729DD-3EFC-42B2-BC31-B628C358E607}.Release|x86.ActiveCfg = Release|Any CPU
		{65E729DD-3EFC-42B2-BC31-B628C358E607}.Release|x86.Build.0 = Release|Any CPU
		{A1B80C85-5C8E-416B-9355-C8783BECEA74}.Debug|Any CPU.ActiveCfg = Debug|Any CPU
		{A1B80C85-5C8E-416B-9355-C8783BECEA74}.Debug|Any CPU.Build.0 = Debug|Any CPU
		{A1B80C85-5C8E-416B-9355-C8783BECEA74}.Debug|x64.ActiveCfg = Debug|Any CPU
		{A1B80C85-5C8E-416B-9355-C8783BECEA74}.Debug|x64.Build.0 = Debug|Any CPU
		{A1B80C85-5C8E-416B-9355-C8783BECEA74}.Debug|x86.ActiveCfg = Debug|Any CPU
		{A1B80C85-5C8E-416B-9355-C8783BECEA74}.Debug|x86.Build.0 = Debug|Any CPU
		{A1B80C85-5C8E-416B-9355-C8783BECEA74}.Release|Any CPU.ActiveCfg = Release|Any CPU
		{A1B80C85-5C8E-416B-9355-C8783BECEA74}.Release|Any CPU.Build.0 = Release|Any CPU
		{A1B80C85-5C8E-416B-9355-C8783BECEA74}.Release|x64.ActiveCfg = Release|Any CPU
		{A1B80C85-5C8E-416B-9355-C8783BECEA74}.Release|x64.Build.0 = Release|Any CPU
		{A1B80C85-5C8E-416B-9355-C8783BECEA74}.Release|x86.ActiveCfg = Release|Any CPU
		{A1B80C85-5C8E-416B-9355-C8783BECEA74}.Release|x86.Build.0 = Release|Any CPU
		{2FC4A307-3EB4-4F57-8780-255669627B1F}.Debug|Any CPU.ActiveCfg = Debug|Any CPU
		{2FC4A307-3EB4-4F57-8780-255669627B1F}.Debug|Any CPU.Build.0 = Debug|Any CPU
		{2FC4A307-3EB4-4F57-8780-255669627B1F}.Debug|x64.ActiveCfg = Debug|Any CPU
		{2FC4A307-3EB4-4F57-8780-255669627B1F}.Debug|x64.Build.0 = Debug|Any CPU
		{2FC4A307-3EB4-4F57-8780-255669627B1F}.Debug|x86.ActiveCfg = Debug|Any CPU
		{2FC4A307-3EB4-4F57-8780-255669627B1F}.Debug|x86.Build.0 = Debug|Any CPU
		{2FC4A307-3EB4-4F57-8780-255669627B1F}.Release|Any CPU.ActiveCfg = Release|Any CPU
		{2FC4A307-3EB4-4F57-8780-255669627B1F}.Release|Any CPU.Build.0 = Release|Any CPU
		{2FC4A307-3EB4-4F57-8780-255669627B1F}.Release|x64.ActiveCfg = Release|Any CPU
		{2FC4A307-3EB4-4F57-8780-255669627B1F}.Release|x64.Build.0 = Release|Any CPU
		{2FC4A307-3EB4-4F57-8780-255669627B1F}.Release|x86.ActiveCfg = Release|Any CPU
		{2FC4A307-3EB4-4F57-8780-255669627B1F}.Release|x86.Build.0 = Release|Any CPU
		{175D923C-21DC-4CA9-B527-F60D9B8CBA51}.Debug|Any CPU.ActiveCfg = Debug|Any CPU
		{175D923C-21DC-4CA9-B527-F60D9B8CBA51}.Debug|Any CPU.Build.0 = Debug|Any CPU
		{175D923C-21DC-4CA9-B527-F60D9B8CBA51}.Debug|x64.ActiveCfg = Debug|Any CPU
		{175D923C-21DC-4CA9-B527-F60D9B8CBA51}.Debug|x64.Build.0 = Debug|Any CPU
		{175D923C-21DC-4CA9-B527-F60D9B8CBA51}.Debug|x86.ActiveCfg = Debug|Any CPU
		{175D923C-21DC-4CA9-B527-F60D9B8CBA51}.Debug|x86.Build.0 = Debug|Any CPU
		{175D923C-21DC-4CA9-B527-F60D9B8CBA51}.Release|Any CPU.ActiveCfg = Release|Any CPU
		{175D923C-21DC-4CA9-B527-F60D9B8CBA51}.Release|Any CPU.Build.0 = Release|Any CPU
		{175D923C-21DC-4CA9-B527-F60D9B8CBA51}.Release|x64.ActiveCfg = Release|Any CPU
		{175D923C-21DC-4CA9-B527-F60D9B8CBA51}.Release|x64.Build.0 = Release|Any CPU
		{175D923C-21DC-4CA9-B527-F60D9B8CBA51}.Release|x86.ActiveCfg = Release|Any CPU
		{175D923C-21DC-4CA9-B527-F60D9B8CBA51}.Release|x86.Build.0 = Release|Any CPU
		{54F7D61D-9334-4781-9410-D20A71F9300F}.Debug|Any CPU.ActiveCfg = Debug|Any CPU
		{54F7D61D-9334-4781-9410-D20A71F9300F}.Debug|Any CPU.Build.0 = Debug|Any CPU
		{54F7D61D-9334-4781-9410-D20A71F9300F}.Debug|x64.ActiveCfg = Debug|Any CPU
		{54F7D61D-9334-4781-9410-D20A71F9300F}.Debug|x64.Build.0 = Debug|Any CPU
		{54F7D61D-9334-4781-9410-D20A71F9300F}.Debug|x86.ActiveCfg = Debug|Any CPU
		{54F7D61D-9334-4781-9410-D20A71F9300F}.Debug|x86.Build.0 = Debug|Any CPU
		{54F7D61D-9334-4781-9410-D20A71F9300F}.Release|Any CPU.ActiveCfg = Release|Any CPU
		{54F7D61D-9334-4781-9410-D20A71F9300F}.Release|Any CPU.Build.0 = Release|Any CPU
		{54F7D61D-9334-4781-9410-D20A71F9300F}.Release|x64.ActiveCfg = Release|Any CPU
		{54F7D61D-9334-4781-9410-D20A71F9300F}.Release|x64.Build.0 = Release|Any CPU
		{54F7D61D-9334-4781-9410-D20A71F9300F}.Release|x86.ActiveCfg = Release|Any CPU
		{54F7D61D-9334-4781-9410-D20A71F9300F}.Release|x86.Build.0 = Release|Any CPU
		{03B7F0C5-45CF-4E2C-8DB8-C00B2CA353C2}.Debug|Any CPU.ActiveCfg = Debug|Any CPU
		{03B7F0C5-45CF-4E2C-8DB8-C00B2CA353C2}.Debug|Any CPU.Build.0 = Debug|Any CPU
		{03B7F0C5-45CF-4E2C-8DB8-C00B2CA353C2}.Debug|x64.ActiveCfg = Debug|Any CPU
		{03B7F0C5-45CF-4E2C-8DB8-C00B2CA353C2}.Debug|x64.Build.0 = Debug|Any CPU
		{03B7F0C5-45CF-4E2C-8DB8-C00B2CA353C2}.Debug|x86.ActiveCfg = Debug|Any CPU
		{03B7F0C5-45CF-4E2C-8DB8-C00B2CA353C2}.Debug|x86.Build.0 = Debug|Any CPU
		{03B7F0C5-45CF-4E2C-8DB8-C00B2CA353C2}.Release|Any CPU.ActiveCfg = Release|Any CPU
		{03B7F0C5-45CF-4E2C-8DB8-C00B2CA353C2}.Release|Any CPU.Build.0 = Release|Any CPU
		{03B7F0C5-45CF-4E2C-8DB8-C00B2CA353C2}.Release|x64.ActiveCfg = Release|Any CPU
		{03B7F0C5-45CF-4E2C-8DB8-C00B2CA353C2}.Release|x64.Build.0 = Release|Any CPU
		{03B7F0C5-45CF-4E2C-8DB8-C00B2CA353C2}.Release|x86.ActiveCfg = Release|Any CPU
		{03B7F0C5-45CF-4E2C-8DB8-C00B2CA353C2}.Release|x86.Build.0 = Release|Any CPU
		{70CD74DE-D66C-4140-BAD2-CAE4E0AA0012}.Debug|Any CPU.ActiveCfg = Debug|Any CPU
		{70CD74DE-D66C-4140-BAD2-CAE4E0AA0012}.Debug|Any CPU.Build.0 = Debug|Any CPU
		{70CD74DE-D66C-4140-BAD2-CAE4E0AA0012}.Debug|x64.ActiveCfg = Debug|Any CPU
		{70CD74DE-D66C-4140-BAD2-CAE4E0AA0012}.Debug|x64.Build.0 = Debug|Any CPU
		{70CD74DE-D66C-4140-BAD2-CAE4E0AA0012}.Debug|x86.ActiveCfg = Debug|Any CPU
		{70CD74DE-D66C-4140-BAD2-CAE4E0AA0012}.Debug|x86.Build.0 = Debug|Any CPU
		{70CD74DE-D66C-4140-BAD2-CAE4E0AA0012}.Release|Any CPU.ActiveCfg = Release|Any CPU
		{70CD74DE-D66C-4140-BAD2-CAE4E0AA0012}.Release|Any CPU.Build.0 = Release|Any CPU
		{70CD74DE-D66C-4140-BAD2-CAE4E0AA0012}.Release|x64.ActiveCfg = Release|Any CPU
		{70CD74DE-D66C-4140-BAD2-CAE4E0AA0012}.Release|x64.Build.0 = Release|Any CPU
		{70CD74DE-D66C-4140-BAD2-CAE4E0AA0012}.Release|x86.ActiveCfg = Release|Any CPU
		{70CD74DE-D66C-4140-BAD2-CAE4E0AA0012}.Release|x86.Build.0 = Release|Any CPU
	EndGlobalSection
	GlobalSection(SolutionProperties) = preSolution
		HideSolutionNode = FALSE
	EndGlobalSection
	GlobalSection(NestedProjects) = preSolution
		{2E2D545D-9159-45F5-A03F-6268EBBB3E14} = {449249E7-C3D8-4CCD-8A03-9CD465D72974}
		{FF7F9A94-DEBB-4217-B4D7-3256FBDAF959} = {2E2D545D-9159-45F5-A03F-6268EBBB3E14}
		{F8888511-E5BC-44B8-88FF-99EB174CCD7E} = {449249E7-C3D8-4CCD-8A03-9CD465D72974}
		{CB2EB164-07DB-47A5-AB32-B9F44E72CB4C} = {F8888511-E5BC-44B8-88FF-99EB174CCD7E}
		{B87FD15E-7EF4-4302-A274-3C682243EA1B} = {2E2D545D-9159-45F5-A03F-6268EBBB3E14}
		{D572B2FE-7A78-40A2-9D8E-CC3DA51234BD} = {449249E7-C3D8-4CCD-8A03-9CD465D72974}
		{F4438275-410A-4C53-AB70-B1A0D7D1B665} = {D572B2FE-7A78-40A2-9D8E-CC3DA51234BD}
		{356B5545-9488-4985-AB35-06DFDFC5A0E1} = {D572B2FE-7A78-40A2-9D8E-CC3DA51234BD}
		{9BC16614-CC18-41F3-9901-DA5FEA900DC6} = {D572B2FE-7A78-40A2-9D8E-CC3DA51234BD}
		{721A43BE-33AE-4889-B9FC-0DEF84692E27} = {D572B2FE-7A78-40A2-9D8E-CC3DA51234BD}
		{8D3FF89E-B913-4ADD-8ED4-442B2D624DAC} = {449249E7-C3D8-4CCD-8A03-9CD465D72974}
		{D2C36344-B419-4F07-8ED3-62FEEB470C7A} = {8D3FF89E-B913-4ADD-8ED4-442B2D624DAC}
		{BFA9CC3A-4799-41C9-9517-7162FD773B87} = {449249E7-C3D8-4CCD-8A03-9CD465D72974}
		{4146FFD4-07A2-450B-9674-668E5EE96053} = {8D3FF89E-B913-4ADD-8ED4-442B2D624DAC}
		{D886DDFD-8A64-481B-B6F2-5CFA6138ABAB} = {BFA9CC3A-4799-41C9-9517-7162FD773B87}
		{D85E30AE-B041-4A83-BFC9-BE46F0E441B4} = {03ACBAA0-B97D-4330-A0E3-50048516C99C}
		{7287E212-E508-40B2-A349-52C7425175FA} = {D85E30AE-B041-4A83-BFC9-BE46F0E441B4}
		{7B5024C8-564E-449A-90F4-416FCB925D14} = {7287E212-E508-40B2-A349-52C7425175FA}
		{FD361C52-9149-49F9-9AA2-22834396C070} = {D85E30AE-B041-4A83-BFC9-BE46F0E441B4}
		{E1753A10-00C5-4B23-B107-7A2D0F5FFBBD} = {FD361C52-9149-49F9-9AA2-22834396C070}
		{5AC997F3-7EAB-4AF1-AF50-96B72445A024} = {D85E30AE-B041-4A83-BFC9-BE46F0E441B4}
		{9557EC78-896B-40E9-B2BB-F98970878B47} = {BFA9CC3A-4799-41C9-9517-7162FD773B87}
		{B93E6997-A4B5-4B1D-8B2B-B24B4BBA9596} = {FD361C52-9149-49F9-9AA2-22834396C070}
		{65E729DD-3EFC-42B2-BC31-B628C358E607} = {FD361C52-9149-49F9-9AA2-22834396C070}
		{A1B80C85-5C8E-416B-9355-C8783BECEA74} = {7287E212-E508-40B2-A349-52C7425175FA}
		{2FC4A307-3EB4-4F57-8780-255669627B1F} = {7287E212-E508-40B2-A349-52C7425175FA}
		{175D923C-21DC-4CA9-B527-F60D9B8CBA51} = {8DAEA933-E228-49F6-B414-F09C33E784D9}
		{1E6FE510-105C-4803-8B6A-4D6267DF5B33} = {449249E7-C3D8-4CCD-8A03-9CD465D72974}
		{54F7D61D-9334-4781-9410-D20A71F9300F} = {1E6FE510-105C-4803-8B6A-4D6267DF5B33}
		{03B7F0C5-45CF-4E2C-8DB8-C00B2CA353C2} = {1E6FE510-105C-4803-8B6A-4D6267DF5B33}
		{70CD74DE-D66C-4140-BAD2-CAE4E0AA0012} = {F3A49FD2-65FF-44A8-BE43-437B29E72308}
		{F3A49FD2-65FF-44A8-BE43-437B29E72308} = {FD361C52-9149-49F9-9AA2-22834396C070}
	EndGlobalSection
	GlobalSection(ExtensibilityGlobals) = postSolution
		SolutionGuid = {4A81359C-5A4A-4209-A8A0-1E89EB222082}
	EndGlobalSection
EndGlobal
